
Microsoft Visual Studio Solution File, Format Version 12.00
# Visual Studio Version 16
VisualStudioVersion = 16.0.30225.117
MinimumVisualStudioVersion = 10.0.40219.1
Project("{9A19103F-16F7-4668-BE54-9A1E7A4F7556}") = "LogicReinc.BlendFarm", "LogicReinc.BlendFarm\LogicReinc.BlendFarm.csproj", "{E774EFDA-CAFB-4C44-AA3C-561FED2CCF8F}"
EndProject
Project("{9A19103F-16F7-4668-BE54-9A1E7A4F7556}") = "LogicReinc.BlendFarm.Client", "LogicReinc.BlendFarm.Client\LogicReinc.BlendFarm.Client.csproj", "{39838423-3F6A-48D1-A4F2-4491EE3FD6FA}"
EndProject
Project("{9A19103F-16F7-4668-BE54-9A1E7A4F7556}") = "LogicReinc.BlendFarm.Tests", "LogicReinc.BlendFarm.Tests\LogicReinc.BlendFarm.Tests.csproj", "{BF8B15A8-5F87-48E6-B712-8EBA7EA0CAF5}"
EndProject
Project("{9A19103F-16F7-4668-BE54-9A1E7A4F7556}") = "LogicReinc.BlendFarm.Shared", "LogicReinc.BlendFarm.Shared\LogicReinc.BlendFarm.Shared.csproj", "{24E012DA-02E1-49C7-BD1D-9FDD53B00D12}"
EndProject
Project("{9A19103F-16F7-4668-BE54-9A1E7A4F7556}") = "LogicReinc.BlendFarm.Server", "LogicReinc.BlendFarm.Server\LogicReinc.BlendFarm.Server.csproj", "{6692CD60-E5C8-4668-A885-8F26EDA62683}"
EndProject
Global
	GlobalSection(SolutionConfigurationPlatforms) = preSolution
		Debug|Any CPU = Debug|Any CPU
		Release|Any CPU = Release|Any CPU
	EndGlobalSection
	GlobalSection(ProjectConfigurationPlatforms) = postSolution
		{E774EFDA-CAFB-4C44-AA3C-561FED2CCF8F}.Debug|Any CPU.ActiveCfg = Debug|Any CPU
		{E774EFDA-CAFB-4C44-AA3C-561FED2CCF8F}.Debug|Any CPU.Build.0 = Debug|Any CPU
		{E774EFDA-CAFB-4C44-AA3C-561FED2CCF8F}.Release|Any CPU.ActiveCfg = Release|Any CPU
		{E774EFDA-CAFB-4C44-AA3C-561FED2CCF8F}.Release|Any CPU.Build.0 = Release|Any CPU
		{39838423-3F6A-48D1-A4F2-4491EE3FD6FA}.Debug|Any CPU.ActiveCfg = Debug|Any CPU
		{39838423-3F6A-48D1-A4F2-4491EE3FD6FA}.Debug|Any CPU.Build.0 = Debug|Any CPU
		{39838423-3F6A-48D1-A4F2-4491EE3FD6FA}.Release|Any CPU.ActiveCfg = Release|Any CPU
		{39838423-3F6A-48D1-A4F2-4491EE3FD6FA}.Release|Any CPU.Build.0 = Release|Any CPU
		{BF8B15A8-5F87-48E6-B712-8EBA7EA0CAF5}.Debug|Any CPU.ActiveCfg = Debug|Any CPU
		{BF8B15A8-5F87-48E6-B712-8EBA7EA0CAF5}.Debug|Any CPU.Build.0 = Debug|Any CPU
		{BF8B15A8-5F87-48E6-B712-8EBA7EA0CAF5}.Release|Any CPU.ActiveCfg = Release|Any CPU
		{BF8B15A8-5F87-48E6-B712-8EBA7EA0CAF5}.Release|Any CPU.Build.0 = Release|Any CPU
		{24E012DA-02E1-49C7-BD1D-9FDD53B00D12}.Debug|Any CPU.ActiveCfg = Debug|Any CPU
		{24E012DA-02E1-49C7-BD1D-9FDD53B00D12}.Debug|Any CPU.Build.0 = Debug|Any CPU
		{24E012DA-02E1-49C7-BD1D-9FDD53B00D12}.Release|Any CPU.ActiveCfg = Release|Any CPU
		{24E012DA-02E1-49C7-BD1D-9FDD53B00D12}.Release|Any CPU.Build.0 = Release|Any CPU
		{6692CD60-E5C8-4668-A885-8F26EDA62683}.Debug|Any CPU.ActiveCfg = Debug|Any CPU
		{6692CD60-E5C8-4668-A885-8F26EDA62683}.Debug|Any CPU.Build.0 = Debug|Any CPU
		{6692CD60-E5C8-4668-A885-8F26EDA62683}.Release|Any CPU.ActiveCfg = Release|Any CPU
		{6692CD60-E5C8-4668-A885-8F26EDA62683}.Release|Any CPU.Build.0 = Release|Any CPU
	EndGlobalSection
	GlobalSection(SolutionProperties) = preSolution
		HideSolutionNode = FALSE
	EndGlobalSection
	GlobalSection(ExtensibilityGlobals) = postSolution
		SolutionGuid = {D44D44E3-A31A-4304-AFB1-6DD875915E07}
	EndGlobalSection
EndGlobal
